// !$*UTF8*$!
{
	archiveVersion = 1;
	classes = {
	};
	objectVersion = 56;
	objects = {

/* Begin PBXBuildFile section */
		0804AB222BC91D9700E1636C /* NewRoom.swift in Sources */ = {isa = PBXBuildFile; fileRef = 0804AB212BC91D9700E1636C /* NewRoom.swift */; };
		0804AB7B2BCB274600E1636C /* DeviceModel.swift in Sources */ = {isa = PBXBuildFile; fileRef = 0804AB7A2BCB274600E1636C /* DeviceModel.swift */; };
		0804AB812BCB367000E1636C /* RoomView.swift in Sources */ = {isa = PBXBuildFile; fileRef = 0804AB802BCB367000E1636C /* RoomView.swift */; };
		0804AB842BCC0D4300E1636C /* UserDefaults+Keys.swift in Sources */ = {isa = PBXBuildFile; fileRef = 0804AB832BCC0D4300E1636C /* UserDefaults+Keys.swift */; };
		0804AB872BCC209D00E1636C /* DeviceInfoView.swift in Sources */ = {isa = PBXBuildFile; fileRef = 0804AB862BCC209D00E1636C /* DeviceInfoView.swift */; };
		0815F1792BACC524002B39BD /* SmartUsageToolApp.swift in Sources */ = {isa = PBXBuildFile; fileRef = 0815F1782BACC524002B39BD /* SmartUsageToolApp.swift */; };
		0815F17B2BACC524002B39BD /* InitialView.swift in Sources */ = {isa = PBXBuildFile; fileRef = 0815F17A2BACC524002B39BD /* InitialView.swift */; };
		0815F17D2BACC525002B39BD /* Assets.xcassets in Resources */ = {isa = PBXBuildFile; fileRef = 0815F17C2BACC525002B39BD /* Assets.xcassets */; };
		0815F1802BACC525002B39BD /* Preview Assets.xcassets in Resources */ = {isa = PBXBuildFile; fileRef = 0815F17F2BACC525002B39BD /* Preview Assets.xcassets */; };
		0815F18D2BACC827002B39BD /* HomeView.swift in Sources */ = {isa = PBXBuildFile; fileRef = 0815F18C2BACC827002B39BD /* HomeView.swift */; };
		0815F1912BACCA70002B39BD /* ListView.swift in Sources */ = {isa = PBXBuildFile; fileRef = 0815F1902BACCA70002B39BD /* ListView.swift */; };
		0850BA422BBAA8AB00DB1C41 /* RoomModel.swift in Sources */ = {isa = PBXBuildFile; fileRef = 0850BA412BBAA8AB00DB1C41 /* RoomModel.swift */; };
		0850BA442BBAA8D400DB1C41 /* RoomType.swift in Sources */ = {isa = PBXBuildFile; fileRef = 0850BA432BBAA8D400DB1C41 /* RoomType.swift */; };
		0850BA462BBAAAF000DB1C41 /* HomeViewModel.swift in Sources */ = {isa = PBXBuildFile; fileRef = 0850BA452BBAAAF000DB1C41 /* HomeViewModel.swift */; };
		087069B42BD01EE10033FE43 /* Devices.swift in Sources */ = {isa = PBXBuildFile; fileRef = 087069B32BD01EE10033FE43 /* Devices.swift */; };
		087069B62BD02B690033FE43 /* Rooms.swift in Sources */ = {isa = PBXBuildFile; fileRef = 087069B52BD02B690033FE43 /* Rooms.swift */; };
		087069B82BD0316B0033FE43 /* LaunchView.swift in Sources */ = {isa = PBXBuildFile; fileRef = 087069B72BD0316B0033FE43 /* LaunchView.swift */; };
		08EE27912BF3DF6900CF9AEA /* Localize.swift in Sources */ = {isa = PBXBuildFile; fileRef = 08EE27902BF3DF6900CF9AEA /* Localize.swift */; };
		08EE27952BF3E03C00CF9AEA /* Localizable.strings in Resources */ = {isa = PBXBuildFile; fileRef = 08EE27972BF3E03C00CF9AEA /* Localizable.strings */; };
		2E2860762C85AB980018FAFF /* DeleteButtonWithConfirmationView.swift in Sources */ = {isa = PBXBuildFile; fileRef = 2E2860752C85AB980018FAFF /* DeleteButtonWithConfirmationView.swift */; };
		2E2860782C85B06D0018FAFF /* RoomItemListView.swift in Sources */ = {isa = PBXBuildFile; fileRef = 2E2860772C85B06D0018FAFF /* RoomItemListView.swift */; };
		2E28607A2C85B9DC0018FAFF /* DeviceItemListView.swift in Sources */ = {isa = PBXBuildFile; fileRef = 2E2860792C85B9DC0018FAFF /* DeviceItemListView.swift */; };
		2E28607C2C85CF430018FAFF /* DeviceDetailView.swift in Sources */ = {isa = PBXBuildFile; fileRef = 2E28607B2C85CF430018FAFF /* DeviceDetailView.swift */; };
		2E2860822C86FA500018FAFF /* MainSettingsView.swift in Sources */ = {isa = PBXBuildFile; fileRef = 2E2860812C86FA500018FAFF /* MainSettingsView.swift */; };
		2E2860852C8712890018FAFF /* SettingsAboutAppView.swift in Sources */ = {isa = PBXBuildFile; fileRef = 2E2860842C8712890018FAFF /* SettingsAboutAppView.swift */; };
		2E2860872C871EF20018FAFF /* NightlyUsageSettingsView.swift in Sources */ = {isa = PBXBuildFile; fileRef = 2E2860862C871EF20018FAFF /* NightlyUsageSettingsView.swift */; };
		2E2860892C8738AA0018FAFF /* DailyUsageSettingsView.swift in Sources */ = {isa = PBXBuildFile; fileRef = 2E2860882C8738AA0018FAFF /* DailyUsageSettingsView.swift */; };
		2E28608B2C873A320018FAFF /* RegionSettingsView.swift in Sources */ = {isa = PBXBuildFile; fileRef = 2E28608A2C873A320018FAFF /* RegionSettingsView.swift */; };
		2EF3D2DD2C8884D100D73317 /* ModifyDeviceSheetView.swift in Sources */ = {isa = PBXBuildFile; fileRef = 2EF3D2DC2C8884D100D73317 /* ModifyDeviceSheetView.swift */; };
		2EF3D2DF2C8899C100D73317 /* HoursAndMinutesTimeIntervalPicker.swift in Sources */ = {isa = PBXBuildFile; fileRef = 2EF3D2DE2C8899C100D73317 /* HoursAndMinutesTimeIntervalPicker.swift */; };
/* End PBXBuildFile section */

/* Begin PBXFileReference section */
		0804AB212BC91D9700E1636C /* NewRoom.swift */ = {isa = PBXFileReference; lastKnownFileType = sourcecode.swift; path = NewRoom.swift; sourceTree = "<group>"; };
		0804AB7A2BCB274600E1636C /* DeviceModel.swift */ = {isa = PBXFileReference; lastKnownFileType = sourcecode.swift; path = DeviceModel.swift; sourceTree = "<group>"; };
		0804AB802BCB367000E1636C /* RoomView.swift */ = {isa = PBXFileReference; lastKnownFileType = sourcecode.swift; path = RoomView.swift; sourceTree = "<group>"; };
		0804AB832BCC0D4300E1636C /* UserDefaults+Keys.swift */ = {isa = PBXFileReference; lastKnownFileType = sourcecode.swift; path = "UserDefaults+Keys.swift"; sourceTree = "<group>"; };
		0804AB862BCC209D00E1636C /* DeviceInfoView.swift */ = {isa = PBXFileReference; lastKnownFileType = sourcecode.swift; path = DeviceInfoView.swift; sourceTree = "<group>"; };
		0815F1752BACC524002B39BD /* SmartUsageTool.app */ = {isa = PBXFileReference; explicitFileType = wrapper.application; includeInIndex = 0; path = SmartUsageTool.app; sourceTree = BUILT_PRODUCTS_DIR; };
		0815F1782BACC524002B39BD /* SmartUsageToolApp.swift */ = {isa = PBXFileReference; lastKnownFileType = sourcecode.swift; path = SmartUsageToolApp.swift; sourceTree = "<group>"; };
		0815F17A2BACC524002B39BD /* InitialView.swift */ = {isa = PBXFileReference; lastKnownFileType = sourcecode.swift; path = InitialView.swift; sourceTree = "<group>"; };
		0815F17C2BACC525002B39BD /* Assets.xcassets */ = {isa = PBXFileReference; lastKnownFileType = folder.assetcatalog; path = Assets.xcassets; sourceTree = "<group>"; };
		0815F17F2BACC525002B39BD /* Preview Assets.xcassets */ = {isa = PBXFileReference; lastKnownFileType = folder.assetcatalog; path = "Preview Assets.xcassets"; sourceTree = "<group>"; };
		0815F1862BACC556002B39BD /* Info.plist */ = {isa = PBXFileReference; lastKnownFileType = text.plist.xml; path = Info.plist; sourceTree = "<group>"; };
		0815F18C2BACC827002B39BD /* HomeView.swift */ = {isa = PBXFileReference; lastKnownFileType = sourcecode.swift; path = HomeView.swift; sourceTree = "<group>"; };
		0815F1902BACCA70002B39BD /* ListView.swift */ = {isa = PBXFileReference; lastKnownFileType = sourcecode.swift; path = ListView.swift; sourceTree = "<group>"; };
		0850BA412BBAA8AB00DB1C41 /* RoomModel.swift */ = {isa = PBXFileReference; lastKnownFileType = sourcecode.swift; path = RoomModel.swift; sourceTree = "<group>"; };
		0850BA432BBAA8D400DB1C41 /* RoomType.swift */ = {isa = PBXFileReference; lastKnownFileType = sourcecode.swift; path = RoomType.swift; sourceTree = "<group>"; };
		0850BA452BBAAAF000DB1C41 /* HomeViewModel.swift */ = {isa = PBXFileReference; lastKnownFileType = sourcecode.swift; path = HomeViewModel.swift; sourceTree = "<group>"; };
		087069B32BD01EE10033FE43 /* Devices.swift */ = {isa = PBXFileReference; lastKnownFileType = sourcecode.swift; path = Devices.swift; sourceTree = "<group>"; };
		087069B52BD02B690033FE43 /* Rooms.swift */ = {isa = PBXFileReference; lastKnownFileType = sourcecode.swift; path = Rooms.swift; sourceTree = "<group>"; };
		087069B72BD0316B0033FE43 /* LaunchView.swift */ = {isa = PBXFileReference; lastKnownFileType = sourcecode.swift; path = LaunchView.swift; sourceTree = "<group>"; };
		08EE27902BF3DF6900CF9AEA /* Localize.swift */ = {isa = PBXFileReference; lastKnownFileType = sourcecode.swift; path = Localize.swift; sourceTree = "<group>"; };
		08EE27962BF3E03C00CF9AEA /* uk */ = {isa = PBXFileReference; lastKnownFileType = text.plist.strings; name = uk; path = uk.lproj/Localizable.strings; sourceTree = "<group>"; };
		08EE27982BF3E03F00CF9AEA /* en */ = {isa = PBXFileReference; lastKnownFileType = text.plist.strings; name = en; path = en.lproj/Localizable.strings; sourceTree = "<group>"; };
		2E0DF2F62C615443005CCF4A /* de */ = {isa = PBXFileReference; lastKnownFileType = text.plist.strings; name = de; path = de.lproj/Localizable.strings; sourceTree = "<group>"; };
		2E2860752C85AB980018FAFF /* DeleteButtonWithConfirmationView.swift */ = {isa = PBXFileReference; lastKnownFileType = sourcecode.swift; path = DeleteButtonWithConfirmationView.swift; sourceTree = "<group>"; };
		2E2860772C85B06D0018FAFF /* RoomItemListView.swift */ = {isa = PBXFileReference; lastKnownFileType = sourcecode.swift; path = RoomItemListView.swift; sourceTree = "<group>"; };
		2E2860792C85B9DC0018FAFF /* DeviceItemListView.swift */ = {isa = PBXFileReference; lastKnownFileType = sourcecode.swift; path = DeviceItemListView.swift; sourceTree = "<group>"; };
		2E28607B2C85CF430018FAFF /* DeviceDetailView.swift */ = {isa = PBXFileReference; lastKnownFileType = sourcecode.swift; path = DeviceDetailView.swift; sourceTree = "<group>"; };
		2E2860812C86FA500018FAFF /* MainSettingsView.swift */ = {isa = PBXFileReference; lastKnownFileType = sourcecode.swift; path = MainSettingsView.swift; sourceTree = "<group>"; };
		2E2860842C8712890018FAFF /* SettingsAboutAppView.swift */ = {isa = PBXFileReference; lastKnownFileType = sourcecode.swift; path = SettingsAboutAppView.swift; sourceTree = "<group>"; };
		2E2860862C871EF20018FAFF /* NightlyUsageSettingsView.swift */ = {isa = PBXFileReference; lastKnownFileType = sourcecode.swift; path = NightlyUsageSettingsView.swift; sourceTree = "<group>"; };
		2E2860882C8738AA0018FAFF /* DailyUsageSettingsView.swift */ = {isa = PBXFileReference; lastKnownFileType = sourcecode.swift; path = DailyUsageSettingsView.swift; sourceTree = "<group>"; };
		2E28608A2C873A320018FAFF /* RegionSettingsView.swift */ = {isa = PBXFileReference; lastKnownFileType = sourcecode.swift; path = RegionSettingsView.swift; sourceTree = "<group>"; };
		2EF3D2DC2C8884D100D73317 /* ModifyDeviceSheetView.swift */ = {isa = PBXFileReference; lastKnownFileType = sourcecode.swift; path = ModifyDeviceSheetView.swift; sourceTree = "<group>"; };
		2EF3D2DE2C8899C100D73317 /* HoursAndMinutesTimeIntervalPicker.swift */ = {isa = PBXFileReference; lastKnownFileType = sourcecode.swift; path = HoursAndMinutesTimeIntervalPicker.swift; sourceTree = "<group>"; };
/* End PBXFileReference section */

/* Begin PBXFrameworksBuildPhase section */
		0815F1722BACC524002B39BD /* Frameworks */ = {
			isa = PBXFrameworksBuildPhase;
			buildActionMask = 2147483647;
			files = (
			);
			runOnlyForDeploymentPostprocessing = 0;
		};
/* End PBXFrameworksBuildPhase section */

/* Begin PBXGroup section */
		0804AB202BC91D7A00E1636C /* NewRoom */ = {
			isa = PBXGroup;
			children = (
				0804AB212BC91D9700E1636C /* NewRoom.swift */,
				087069B52BD02B690033FE43 /* Rooms.swift */,
			);
			path = NewRoom;
			sourceTree = "<group>";
		};
		0804AB7E2BCB2A8E00E1636C /* Devices */ = {
			isa = PBXGroup;
			children = (
				2E28607D2C86298A0018FAFF /* DeviceDetail */,
				087069B32BD01EE10033FE43 /* Devices.swift */,
				2EF3D2DC2C8884D100D73317 /* ModifyDeviceSheetView.swift */,
			);
			path = Devices;
			sourceTree = "<group>";
		};
		0804AB7F2BCB365500E1636C /* Room */ = {
			isa = PBXGroup;
			children = (
				0804AB802BCB367000E1636C /* RoomView.swift */,
				0804AB862BCC209D00E1636C /* DeviceInfoView.swift */,
			);
			path = Room;
			sourceTree = "<group>";
		};
		0804AB822BCC0D3300E1636C /* Extensions */ = {
			isa = PBXGroup;
			children = (
				0804AB832BCC0D4300E1636C /* UserDefaults+Keys.swift */,
			);
			path = Extensions;
			sourceTree = "<group>";
		};
		0815F16C2BACC524002B39BD = {
			isa = PBXGroup;
			children = (
				0815F1772BACC524002B39BD /* SmartUsageTool */,
				0815F1762BACC524002B39BD /* Products */,
			);
			sourceTree = "<group>";
		};
		0815F1762BACC524002B39BD /* Products */ = {
			isa = PBXGroup;
			children = (
				0815F1752BACC524002B39BD /* SmartUsageTool.app */,
			);
			name = Products;
			sourceTree = "<group>";
		};
		0815F1772BACC524002B39BD /* SmartUsageTool */ = {
			isa = PBXGroup;
			children = (
				0804AB822BCC0D3300E1636C /* Extensions */,
				0815F1882BACC69F002B39BD /* Modules */,
				0815F1872BACC651002B39BD /* App */,
				0815F17E2BACC525002B39BD /* Preview Content */,
			);
			path = SmartUsageTool;
			sourceTree = "<group>";
		};
		0815F17E2BACC525002B39BD /* Preview Content */ = {
			isa = PBXGroup;
			children = (
				0815F17F2BACC525002B39BD /* Preview Assets.xcassets */,
			);
			path = "Preview Content";
			sourceTree = "<group>";
		};
		0815F1872BACC651002B39BD /* App */ = {
			isa = PBXGroup;
			children = (
				0815F1862BACC556002B39BD /* Info.plist */,
				0815F1782BACC524002B39BD /* SmartUsageToolApp.swift */,
				0815F17C2BACC525002B39BD /* Assets.xcassets */,
				08EE27922BF3DFF800CF9AEA /* Localiztion */,
			);
			path = App;
			sourceTree = "<group>";
		};
		0815F1882BACC69F002B39BD /* Modules */ = {
			isa = PBXGroup;
			children = (
				2E2860802C86FA140018FAFF /* Settings */,
				2E2860732C85AB6F0018FAFF /* Helper */,
				0804AB7F2BCB365500E1636C /* Room */,
				0804AB7E2BCB2A8E00E1636C /* Devices */,
				0804AB202BC91D7A00E1636C /* NewRoom */,
				0815F18E2BACC9E5002B39BD /* List */,
				0815F18A2BACC6C2002B39BD /* Home */,
				0815F1892BACC6B5002B39BD /* Initial */,
			);
			path = Modules;
			sourceTree = "<group>";
		};
		0815F1892BACC6B5002B39BD /* Initial */ = {
			isa = PBXGroup;
			children = (
				0815F17A2BACC524002B39BD /* InitialView.swift */,
				087069B72BD0316B0033FE43 /* LaunchView.swift */,
			);
			path = Initial;
			sourceTree = "<group>";
		};
		0815F18A2BACC6C2002B39BD /* Home */ = {
			isa = PBXGroup;
			children = (
				0850BA3F2BBAA87600DB1C41 /* Model */,
				0815F18B2BACC806002B39BD /* View */,
				0850BA402BBAA87C00DB1C41 /* ViewModel */,
			);
			path = Home;
			sourceTree = "<group>";
		};
		0815F18B2BACC806002B39BD /* View */ = {
			isa = PBXGroup;
			children = (
				0815F18C2BACC827002B39BD /* HomeView.swift */,
				2E2860772C85B06D0018FAFF /* RoomItemListView.swift */,
			);
			path = View;
			sourceTree = "<group>";
		};
		0815F18E2BACC9E5002B39BD /* List */ = {
			isa = PBXGroup;
			children = (
				0815F18F2BACCA5A002B39BD /* View */,
			);
			path = List;
			sourceTree = "<group>";
		};
		0815F18F2BACCA5A002B39BD /* View */ = {
			isa = PBXGroup;
			children = (
				0815F1902BACCA70002B39BD /* ListView.swift */,
			);
			path = View;
			sourceTree = "<group>";
		};
		0850BA3F2BBAA87600DB1C41 /* Model */ = {
			isa = PBXGroup;
			children = (
				0850BA412BBAA8AB00DB1C41 /* RoomModel.swift */,
				0850BA432BBAA8D400DB1C41 /* RoomType.swift */,
				0804AB7A2BCB274600E1636C /* DeviceModel.swift */,
			);
			path = Model;
			sourceTree = "<group>";
		};
		0850BA402BBAA87C00DB1C41 /* ViewModel */ = {
			isa = PBXGroup;
			children = (
				0850BA452BBAAAF000DB1C41 /* HomeViewModel.swift */,
			);
			path = ViewModel;
			sourceTree = "<group>";
		};
		08EE27922BF3DFF800CF9AEA /* Localiztion */ = {
			isa = PBXGroup;
			children = (
				08EE27902BF3DF6900CF9AEA /* Localize.swift */,
				08EE27972BF3E03C00CF9AEA /* Localizable.strings */,
			);
			path = Localiztion;
			sourceTree = "<group>";
		};
		2E2860732C85AB6F0018FAFF /* Helper */ = {
			isa = PBXGroup;
			children = (
				2E28608C2C8767800018FAFF /* ViewModel */,
				2E2860742C85AB740018FAFF /* View */,
			);
			path = Helper;
			sourceTree = "<group>";
		};
		2E2860742C85AB740018FAFF /* View */ = {
			isa = PBXGroup;
			children = (
				2E2860752C85AB980018FAFF /* DeleteButtonWithConfirmationView.swift */,
				2EF3D2DE2C8899C100D73317 /* HoursAndMinutesTimeIntervalPicker.swift */,
			);
			path = View;
			sourceTree = "<group>";
		};
		2E28607D2C86298A0018FAFF /* DeviceDetail */ = {
			isa = PBXGroup;
			children = (
				2E2860792C85B9DC0018FAFF /* DeviceItemListView.swift */,
				2E28607B2C85CF430018FAFF /* DeviceDetailView.swift */,
			);
			path = DeviceDetail;
			sourceTree = "<group>";
		};
		2E2860802C86FA140018FAFF /* Settings */ = {
			isa = PBXGroup;
			children = (
				2E2860832C8712740018FAFF /* SubSettingsView */,
				2E2860812C86FA500018FAFF /* MainSettingsView.swift */,
			);
			path = Settings;
			sourceTree = "<group>";
		};
		2E2860832C8712740018FAFF /* SubSettingsView */ = {
			isa = PBXGroup;
			children = (
				2E2860842C8712890018FAFF /* SettingsAboutAppView.swift */,
				2E2860862C871EF20018FAFF /* NightlyUsageSettingsView.swift */,
				2E2860882C8738AA0018FAFF /* DailyUsageSettingsView.swift */,
				2E28608A2C873A320018FAFF /* RegionSettingsView.swift */,
			);
			path = SubSettingsView;
			sourceTree = "<group>";
		};
		2E28608C2C8767800018FAFF /* ViewModel */ = {
			isa = PBXGroup;
			children = (
			);
			path = ViewModel;
			sourceTree = "<group>";
		};
/* End PBXGroup section */

/* Begin PBXNativeTarget section */
		0815F1742BACC524002B39BD /* SmartUsageTool */ = {
			isa = PBXNativeTarget;
			buildConfigurationList = 0815F1832BACC525002B39BD /* Build configuration list for PBXNativeTarget "SmartUsageTool" */;
			buildPhases = (
				0815F1712BACC524002B39BD /* Sources */,
				0815F1722BACC524002B39BD /* Frameworks */,
				0815F1732BACC524002B39BD /* Resources */,
			);
			buildRules = (
			);
			dependencies = (
			);
			name = SmartUsageTool;
			productName = SmartUsageTool;
			productReference = 0815F1752BACC524002B39BD /* SmartUsageTool.app */;
			productType = "com.apple.product-type.application";
		};
/* End PBXNativeTarget section */

/* Begin PBXProject section */
		0815F16D2BACC524002B39BD /* Project object */ = {
			isa = PBXProject;
			attributes = {
				BuildIndependentTargetsInParallel = 1;
				LastSwiftUpdateCheck = 1500;
				LastUpgradeCheck = 1500;
				TargetAttributes = {
					0815F1742BACC524002B39BD = {
						CreatedOnToolsVersion = 15.0.1;
					};
				};
			};
			buildConfigurationList = 0815F1702BACC524002B39BD /* Build configuration list for PBXProject "SmartUsageTool" */;
			compatibilityVersion = "Xcode 14.0";
			developmentRegion = uk;
			hasScannedForEncodings = 0;
			knownRegions = (
				en,
				Base,
				uk,
				de,
			);
			mainGroup = 0815F16C2BACC524002B39BD;
			productRefGroup = 0815F1762BACC524002B39BD /* Products */;
			projectDirPath = "";
			projectRoot = "";
			targets = (
				0815F1742BACC524002B39BD /* SmartUsageTool */,
			);
		};
/* End PBXProject section */

/* Begin PBXResourcesBuildPhase section */
		0815F1732BACC524002B39BD /* Resources */ = {
			isa = PBXResourcesBuildPhase;
			buildActionMask = 2147483647;
			files = (
				0815F1802BACC525002B39BD /* Preview Assets.xcassets in Resources */,
				08EE27952BF3E03C00CF9AEA /* Localizable.strings in Resources */,
				0815F17D2BACC525002B39BD /* Assets.xcassets in Resources */,
			);
			runOnlyForDeploymentPostprocessing = 0;
		};
/* End PBXResourcesBuildPhase section */

/* Begin PBXSourcesBuildPhase section */
		0815F1712BACC524002B39BD /* Sources */ = {
			isa = PBXSourcesBuildPhase;
			buildActionMask = 2147483647;
			files = (
				2E28607C2C85CF430018FAFF /* DeviceDetailView.swift in Sources */,
				2EF3D2DD2C8884D100D73317 /* ModifyDeviceSheetView.swift in Sources */,
				2E2860872C871EF20018FAFF /* NightlyUsageSettingsView.swift in Sources */,
				2E2860782C85B06D0018FAFF /* RoomItemListView.swift in Sources */,
				0804AB842BCC0D4300E1636C /* UserDefaults+Keys.swift in Sources */,
				087069B82BD0316B0033FE43 /* LaunchView.swift in Sources */,
				2E2860822C86FA500018FAFF /* MainSettingsView.swift in Sources */,
				2E2860892C8738AA0018FAFF /* DailyUsageSettingsView.swift in Sources */,
				0815F1912BACCA70002B39BD /* ListView.swift in Sources */,
				2E2860762C85AB980018FAFF /* DeleteButtonWithConfirmationView.swift in Sources */,
				0815F18D2BACC827002B39BD /* HomeView.swift in Sources */,
				0850BA462BBAAAF000DB1C41 /* HomeViewModel.swift in Sources */,
				0804AB872BCC209D00E1636C /* DeviceInfoView.swift in Sources */,
				0850BA442BBAA8D400DB1C41 /* RoomType.swift in Sources */,
				0850BA422BBAA8AB00DB1C41 /* RoomModel.swift in Sources */,
				0804AB7B2BCB274600E1636C /* DeviceModel.swift in Sources */,
				2EF3D2DF2C8899C100D73317 /* HoursAndMinutesTimeIntervalPicker.swift in Sources */,
				0815F17B2BACC524002B39BD /* InitialView.swift in Sources */,
				2E28607A2C85B9DC0018FAFF /* DeviceItemListView.swift in Sources */,
				0804AB812BCB367000E1636C /* RoomView.swift in Sources */,
				087069B42BD01EE10033FE43 /* Devices.swift in Sources */,
				2E2860852C8712890018FAFF /* SettingsAboutAppView.swift in Sources */,
				0815F1792BACC524002B39BD /* SmartUsageToolApp.swift in Sources */,
				08EE27912BF3DF6900CF9AEA /* Localize.swift in Sources */,
				2E28608B2C873A320018FAFF /* RegionSettingsView.swift in Sources */,
				0804AB222BC91D9700E1636C /* NewRoom.swift in Sources */,
				087069B62BD02B690033FE43 /* Rooms.swift in Sources */,
			);
			runOnlyForDeploymentPostprocessing = 0;
		};
/* End PBXSourcesBuildPhase section */

/* Begin PBXVariantGroup section */
		08EE27972BF3E03C00CF9AEA /* Localizable.strings */ = {
			isa = PBXVariantGroup;
			children = (
				08EE27962BF3E03C00CF9AEA /* uk */,
				08EE27982BF3E03F00CF9AEA /* en */,
				2E0DF2F62C615443005CCF4A /* de */,
			);
			name = Localizable.strings;
			sourceTree = "<group>";
		};
/* End PBXVariantGroup section */

/* Begin XCBuildConfiguration section */
		0815F1812BACC525002B39BD /* Debug */ = {
			isa = XCBuildConfiguration;
			buildSettings = {
				ALWAYS_SEARCH_USER_PATHS = NO;
				ASSETCATALOG_COMPILER_GENERATE_SWIFT_ASSET_SYMBOL_EXTENSIONS = YES;
				CLANG_ANALYZER_NONNULL = YES;
				CLANG_ANALYZER_NUMBER_OBJECT_CONVERSION = YES_AGGRESSIVE;
				CLANG_CXX_LANGUAGE_STANDARD = "gnu++20";
				CLANG_ENABLE_MODULES = YES;
				CLANG_ENABLE_OBJC_ARC = YES;
				CLANG_ENABLE_OBJC_WEAK = YES;
				CLANG_WARN_BLOCK_CAPTURE_AUTORELEASING = YES;
				CLANG_WARN_BOOL_CONVERSION = YES;
				CLANG_WARN_COMMA = YES;
				CLANG_WARN_CONSTANT_CONVERSION = YES;
				CLANG_WARN_DEPRECATED_OBJC_IMPLEMENTATIONS = YES;
				CLANG_WARN_DIRECT_OBJC_ISA_USAGE = YES_ERROR;
				CLANG_WARN_DOCUMENTATION_COMMENTS = YES;
				CLANG_WARN_EMPTY_BODY = YES;
				CLANG_WARN_ENUM_CONVERSION = YES;
				CLANG_WARN_INFINITE_RECURSION = YES;
				CLANG_WARN_INT_CONVERSION = YES;
				CLANG_WARN_NON_LITERAL_NULL_CONVERSION = YES;
				CLANG_WARN_OBJC_IMPLICIT_RETAIN_SELF = YES;
				CLANG_WARN_OBJC_LITERAL_CONVERSION = YES;
				CLANG_WARN_OBJC_ROOT_CLASS = YES_ERROR;
				CLANG_WARN_QUOTED_INCLUDE_IN_FRAMEWORK_HEADER = YES;
				CLANG_WARN_RANGE_LOOP_ANALYSIS = YES;
				CLANG_WARN_STRICT_PROTOTYPES = YES;
				CLANG_WARN_SUSPICIOUS_MOVE = YES;
				CLANG_WARN_UNGUARDED_AVAILABILITY = YES_AGGRESSIVE;
				CLANG_WARN_UNREACHABLE_CODE = YES;
				CLANG_WARN__DUPLICATE_METHOD_MATCH = YES;
				COPY_PHASE_STRIP = NO;
				DEBUG_INFORMATION_FORMAT = dwarf;
				ENABLE_STRICT_OBJC_MSGSEND = YES;
				ENABLE_TESTABILITY = YES;
				ENABLE_USER_SCRIPT_SANDBOXING = YES;
				GCC_C_LANGUAGE_STANDARD = gnu17;
				GCC_DYNAMIC_NO_PIC = NO;
				GCC_NO_COMMON_BLOCKS = YES;
				GCC_OPTIMIZATION_LEVEL = 0;
				GCC_PREPROCESSOR_DEFINITIONS = (
					"DEBUG=1",
					"$(inherited)",
				);
				GCC_WARN_64_TO_32_BIT_CONVERSION = YES;
				GCC_WARN_ABOUT_RETURN_TYPE = YES_ERROR;
				GCC_WARN_UNDECLARED_SELECTOR = YES;
				GCC_WARN_UNINITIALIZED_AUTOS = YES_AGGRESSIVE;
				GCC_WARN_UNUSED_FUNCTION = YES;
				GCC_WARN_UNUSED_VARIABLE = YES;
				IPHONEOS_DEPLOYMENT_TARGET = 17.0;
				LOCALIZATION_PREFERS_STRING_CATALOGS = YES;
				MTL_ENABLE_DEBUG_INFO = INCLUDE_SOURCE;
				MTL_FAST_MATH = YES;
				ONLY_ACTIVE_ARCH = YES;
				SDKROOT = iphoneos;
				SWIFT_ACTIVE_COMPILATION_CONDITIONS = "DEBUG $(inherited)";
				SWIFT_OPTIMIZATION_LEVEL = "-Onone";
			};
			name = Debug;
		};
		0815F1822BACC525002B39BD /* Release */ = {
			isa = XCBuildConfiguration;
			buildSettings = {
				ALWAYS_SEARCH_USER_PATHS = NO;
				ASSETCATALOG_COMPILER_GENERATE_SWIFT_ASSET_SYMBOL_EXTENSIONS = YES;
				CLANG_ANALYZER_NONNULL = YES;
				CLANG_ANALYZER_NUMBER_OBJECT_CONVERSION = YES_AGGRESSIVE;
				CLANG_CXX_LANGUAGE_STANDARD = "gnu++20";
				CLANG_ENABLE_MODULES = YES;
				CLANG_ENABLE_OBJC_ARC = YES;
				CLANG_ENABLE_OBJC_WEAK = YES;
				CLANG_WARN_BLOCK_CAPTURE_AUTORELEASING = YES;
				CLANG_WARN_BOOL_CONVERSION = YES;
				CLANG_WARN_COMMA = YES;
				CLANG_WARN_CONSTANT_CONVERSION = YES;
				CLANG_WARN_DEPRECATED_OBJC_IMPLEMENTATIONS = YES;
				CLANG_WARN_DIRECT_OBJC_ISA_USAGE = YES_ERROR;
				CLANG_WARN_DOCUMENTATION_COMMENTS = YES;
				CLANG_WARN_EMPTY_BODY = YES;
				CLANG_WARN_ENUM_CONVERSION = YES;
				CLANG_WARN_INFINITE_RECURSION = YES;
				CLANG_WARN_INT_CONVERSION = YES;
				CLANG_WARN_NON_LITERAL_NULL_CONVERSION = YES;
				CLANG_WARN_OBJC_IMPLICIT_RETAIN_SELF = YES;
				CLANG_WARN_OBJC_LITERAL_CONVERSION = YES;
				CLANG_WARN_OBJC_ROOT_CLASS = YES_ERROR;
				CLANG_WARN_QUOTED_INCLUDE_IN_FRAMEWORK_HEADER = YES;
				CLANG_WARN_RANGE_LOOP_ANALYSIS = YES;
				CLANG_WARN_STRICT_PROTOTYPES = YES;
				CLANG_WARN_SUSPICIOUS_MOVE = YES;
				CLANG_WARN_UNGUARDED_AVAILABILITY = YES_AGGRESSIVE;
				CLANG_WARN_UNREACHABLE_CODE = YES;
				CLANG_WARN__DUPLICATE_METHOD_MATCH = YES;
				COPY_PHASE_STRIP = NO;
				DEBUG_INFORMATION_FORMAT = "dwarf-with-dsym";
				ENABLE_NS_ASSERTIONS = NO;
				ENABLE_STRICT_OBJC_MSGSEND = YES;
				ENABLE_USER_SCRIPT_SANDBOXING = YES;
				GCC_C_LANGUAGE_STANDARD = gnu17;
				GCC_NO_COMMON_BLOCKS = YES;
				GCC_WARN_64_TO_32_BIT_CONVERSION = YES;
				GCC_WARN_ABOUT_RETURN_TYPE = YES_ERROR;
				GCC_WARN_UNDECLARED_SELECTOR = YES;
				GCC_WARN_UNINITIALIZED_AUTOS = YES_AGGRESSIVE;
				GCC_WARN_UNUSED_FUNCTION = YES;
				GCC_WARN_UNUSED_VARIABLE = YES;
				IPHONEOS_DEPLOYMENT_TARGET = 17.0;
				LOCALIZATION_PREFERS_STRING_CATALOGS = YES;
				MTL_ENABLE_DEBUG_INFO = NO;
				MTL_FAST_MATH = YES;
				SDKROOT = iphoneos;
				SWIFT_COMPILATION_MODE = wholemodule;
				VALIDATE_PRODUCT = YES;
			};
			name = Release;
		};
		0815F1842BACC525002B39BD /* Debug */ = {
			isa = XCBuildConfiguration;
			buildSettings = {
				ASSETCATALOG_COMPILER_APPICON_NAME = AppIcon;
				ASSETCATALOG_COMPILER_GLOBAL_ACCENT_COLOR_NAME = AccentColor;
				CODE_SIGN_STYLE = Automatic;
				CURRENT_PROJECT_VERSION = 1;
				DEVELOPMENT_ASSET_PATHS = "\"SmartUsageTool/Preview Content\"";
				DEVELOPMENT_TEAM = DRJ4KKKV4T;
				ENABLE_PREVIEWS = YES;
				GENERATE_INFOPLIST_FILE = YES;
				INFOPLIST_FILE = SmartUsageTool/App/Info.plist;
				INFOPLIST_KEY_UIApplicationSceneManifest_Generation = YES;
				INFOPLIST_KEY_UIApplicationSupportsIndirectInputEvents = YES;
				INFOPLIST_KEY_UISupportedInterfaceOrientations_iPad = "UIInterfaceOrientationPortrait UIInterfaceOrientationPortraitUpsideDown UIInterfaceOrientationLandscapeLeft UIInterfaceOrientationLandscapeRight";
				INFOPLIST_KEY_UISupportedInterfaceOrientations_iPhone = "UIInterfaceOrientationPortrait UIInterfaceOrientationLandscapeLeft UIInterfaceOrientationLandscapeRight";
				INFOPLIST_KEY_UIUserInterfaceStyle = Light;
				LD_RUNPATH_SEARCH_PATHS = (
					"$(inherited)",
					"@executable_path/Frameworks",
				);
				MARKETING_VERSION = 1.0;
				PRODUCT_BUNDLE_IDENTIFIER = "Molodets-Serhii.SmartUsageTool";
				PRODUCT_NAME = "$(TARGET_NAME)";
				SWIFT_EMIT_LOC_STRINGS = YES;
				SWIFT_VERSION = 5.0;
				TARGETED_DEVICE_FAMILY = "1,2";
			};
			name = Debug;
		};
		0815F1852BACC525002B39BD /* Release */ = {
			isa = XCBuildConfiguration;
			buildSettings = {
				ASSETCATALOG_COMPILER_APPICON_NAME = AppIcon;
				ASSETCATALOG_COMPILER_GLOBAL_ACCENT_COLOR_NAME = AccentColor;
				CODE_SIGN_STYLE = Automatic;
				CURRENT_PROJECT_VERSION = 1;
				DEVELOPMENT_ASSET_PATHS = "\"SmartUsageTool/Preview Content\"";
				DEVELOPMENT_TEAM = DRJ4KKKV4T;
				ENABLE_PREVIEWS = YES;
				GENERATE_INFOPLIST_FILE = YES;
				INFOPLIST_FILE = SmartUsageTool/App/Info.plist;
				INFOPLIST_KEY_UIApplicationSceneManifest_Generation = YES;
				INFOPLIST_KEY_UIApplicationSupportsIndirectInputEvents = YES;
				INFOPLIST_KEY_UISupportedInterfaceOrientations_iPad = "UIInterfaceOrientationPortrait UIInterfaceOrientationPortraitUpsideDown UIInterfaceOrientationLandscapeLeft UIInterfaceOrientationLandscapeRight";
				INFOPLIST_KEY_UISupportedInterfaceOrientations_iPhone = "UIInterfaceOrientationPortrait UIInterfaceOrientationLandscapeLeft UIInterfaceOrientationLandscapeRight";
				INFOPLIST_KEY_UIUserInterfaceStyle = Light;
				LD_RUNPATH_SEARCH_PATHS = (
					"$(inherited)",
					"@executable_path/Frameworks",
				);
				MARKETING_VERSION = 1.0;
				PRODUCT_BUNDLE_IDENTIFIER = "Molodets-Serhii.SmartUsageTool";
				PRODUCT_NAME = "$(TARGET_NAME)";
				SWIFT_EMIT_LOC_STRINGS = YES;
				SWIFT_VERSION = 5.0;
				TARGETED_DEVICE_FAMILY = "1,2";
			};
			name = Release;
		};
/* End XCBuildConfiguration section */

/* Begin XCConfigurationList section */
		0815F1702BACC524002B39BD /* Build configuration list for PBXProject "SmartUsageTool" */ = {
			isa = XCConfigurationList;
			buildConfigurations = (
				0815F1812BACC525002B39BD /* Debug */,
				0815F1822BACC525002B39BD /* Release */,
			);
			defaultConfigurationIsVisible = 0;
			defaultConfigurationName = Release;
		};
		0815F1832BACC525002B39BD /* Build configuration list for PBXNativeTarget "SmartUsageTool" */ = {
			isa = XCConfigurationList;
			buildConfigurations = (
				0815F1842BACC525002B39BD /* Debug */,
				0815F1852BACC525002B39BD /* Release */,
			);
			defaultConfigurationIsVisible = 0;
			defaultConfigurationName = Release;
		};
/* End XCConfigurationList section */
	};
	rootObject = 0815F16D2BACC524002B39BD /* Project object */;
}
